hash: 5686e41ecb152b22dd7ba04a4ac2af3aa157320d6156162735db94f3788e1bab
updated: 2016-09-18T09:30:40.382178666+09:00
imports:
- name: github.com/hirokazumiyaji/goflake
  version: 64137dd13c98a518ff6c8b8f24adca4231565e37
- name: github.com/klauspost/compress
  version: 08fe86a420401e830c24114bdf9f1ba91331407a
  subpackages:
  - flate
  - gzip
  - zlib
- name: github.com/klauspost/cpuid
  version: 09cded8978dc9e80714c4d85b0322337b0a1e5e0
- name: github.com/klauspost/crc32
  version: 19b0b332c9e4516a6370a0456e6182c3b5036720
- name: github.com/ugorji/go
  version: 98ef79d6c615fa258e892ed0b11c6e013712693e
  subpackages:
  - codec
- name: github.com/valyala/bytebufferpool
  version: e746df99fe4a3986f4d4f79e13c1e0117ce9c2f7
- name: github.com/valyala/fasthttp
  version: 95be7a58499b79d1a42a4e9880fb90645345c021
  subpackages:
  - fasthttputil
testImports: []
